<?xml version="1.0" encoding="UTF-8" standalone="yes" ?>
<CodeBlocks_project_file>
	<FileVersion major="1" minor="6" />
	<Project>
		<Option title="PACMANTESTNDEF" />
		<Option pch_mode="2" />
		<Option compiler="gcc" />
		<Build>
			<Target title="Debug">
				<Option output="bin/Debug/PACMANTESTNDEF" prefix_auto="1" extension_auto="1" />
				<Option object_output="obj/Debug/" />
				<Option type="1" />
				<Option compiler="gcc" />
				<Compiler>
					<Add option="-g" />
				</Compiler>
			</Target>
			<Target title="Release">
				<Option output="bin/Release/PACMANTESTNDEF" prefix_auto="1" extension_auto="1" />
				<Option object_output="obj/Release/" />
				<Option type="1" />
				<Option compiler="gcc" />
				<Compiler>
					<Add option="-O2" />
				</Compiler>
				<Linker>
					<Add option="-s" />
				</Linker>
			</Target>
		</Build>
		<Compiler>
			<Add option="-Wall" />
			<Add option="-fexceptions" />
		</Compiler>
		<Unit filename="CURSER.cpp" />
		<Unit filename="CURSER.h" />
		<Unit filename="FOOD.cpp" />
		<Unit filename="FOOD.h" />
		<Unit filename="GHOST.cpp" />
		<Unit filename="GHOST.h" />
		<Unit filename="GUN.cpp" />
		<Unit filename="GUN.h" />
		<Unit filename="MAP.cpp" />
		<Unit filename="MAP.h" />
		<Unit filename="PACMAN.cpp" />
		<Unit filename="PACMAN.h" />
		<Unit filename="PLAYER.cpp" />
		<Unit filename="PLAYER.h" />
		<Unit filename="THEGAME.cpp" />
		<Unit filename="THEGAME.h" />
		<Unit filename="main.cpp" />
		<Extensions>
			<code_completion />
			<envvars />
			<debugger />
			<lib_finder disable_auto="1" />
		</Extensions>
	</Project>
</CodeBlocks_project_file>
